
Microsoft Visual Studio Solution File, Format Version 12.00
# Visual Studio Version 17
VisualStudioVersion = 17.11.35327.3
MinimumVisualStudioVersion = 10.0.40219.1
Project("{FAE04EC0-301F-11D3-BF4B-00C04F79EFBC}") = "ST10028058_CLDV6212_POE_Final", "ST10028058_CLDV6212_POE_Final.csproj", "{F9D4D0A9-C2FF-4F34-B661-B6065E251C4E}"
EndProject
Global
	GlobalSection(SolutionConfigurationPlatforms) = preSolution
		Debug|Any CPU = Debug|Any CPU
		Release|Any CPU = Release|Any CPU
	EndGlobalSection
	GlobalSection(ProjectConfigurationPlatforms) = postSolution
		{F9D4D0A9-C2FF-4F34-B661-B6065E251C4E}.Debug|Any CPU.ActiveCfg = Debug|Any CPU
		{F9D4D0A9-C2FF-4F34-B661-B6065E251C4E}.Debug|Any CPU.Build.0 = Debug|Any CPU
		{F9D4D0A9-C2FF-4F34-B661-B6065E251C4E}.Release|Any CPU.ActiveCfg = Release|Any CPU
		{F9D4D0A9-C2FF-4F34-B661-B6065E251C4E}.Release|Any CPU.Build.0 = Release|Any CPU
	EndGlobalSection
	GlobalSection(SolutionProperties) = preSolution
		HideSolutionNode = FALSE
	EndGlobalSection
	GlobalSection(ExtensibilityGlobals) = postSolution
		SolutionGuid = {68775FB4-5515-409B-830F-7BC828017DAA}
	EndGlobalSection
EndGlobal
